
Microsoft Visual Studio Solution File, Format Version 12.00
# Visual Studio Version 17
VisualStudioVersion = 17.12.35707.178
MinimumVisualStudioVersion = 10.0.40219.1
Project("{2150E333-8FDC-42A3-9474-1A3956D46DE8}") = "BaseProductModule", "BaseProductModule", "{0E83E858-44AA-4964-B6A1-5B89DAAFA3E5}"
EndProject
Project("{2150E333-8FDC-42A3-9474-1A3956D46DE8}") = "src", "src", "{24C82B73-116B-4215-A6BC-1982E2658422}"
EndProject
Project("{2150E333-8FDC-42A3-9474-1A3956D46DE8}") = "tests", "tests", "{5686EB53-6BE1-4A23-ADD9-9B4D2EE5BD97}"
EndProject
Project("{2150E333-8FDC-42A3-9474-1A3956D46DE8}") = "PhysicalProductModule", "PhysicalProductModule", "{A0FF2D3F-AF08-4C19-92EE-116493EE5082}"
EndProject
Project("{2150E333-8FDC-42A3-9474-1A3956D46DE8}") = "ServiceProductModule", "ServiceProductModule", "{D145687C-BD4B-4056-974F-3DE16F4087D6}"
EndProject
Project("{2150E333-8FDC-42A3-9474-1A3956D46DE8}") = "ManufacturalProductModule", "ManufacturalProductModule", "{130935AD-7A90-40B6-8AE2-52E06E915B99}"
EndProject
Project("{2150E333-8FDC-42A3-9474-1A3956D46DE8}") = "tests", "tests", "{B885B8B8-CBF7-425A-BFFE-6567753C81F6}"
EndProject
Project("{2150E333-8FDC-42A3-9474-1A3956D46DE8}") = "src", "src", "{D3C2495B-95ED-4581-8FFA-A783F43DCF82}"
EndProject
Project("{2150E333-8FDC-42A3-9474-1A3956D46DE8}") = "src", "src", "{BA0FD039-8A48-4ED1-8C96-FFD531A24F4F}"
EndProject
Project("{2150E333-8FDC-42A3-9474-1A3956D46DE8}") = "tests", "tests", "{58961006-6FFC-4AE4-9606-2105AAA4367F}"
EndProject
Project("{9A19103F-16F7-4668-BE54-9A1E7A4F7556}") = "BaseProductModule.Core", "BaseProductModule\src\BaseProductModule.Core\BaseProductModule.Core.csproj", "{327EAB25-4804-443B-9E0F-EDB89D26244A}"
EndProject
Project("{9A19103F-16F7-4668-BE54-9A1E7A4F7556}") = "BaseProductModule.Data", "BaseProductModule\src\BaseProductModule.Data\BaseProductModule.Data.csproj", "{5E0FE1B6-20EA-49E6-88F0-AA2178AC497E}"
EndProject
Project("{FAE04EC0-301F-11D3-BF4B-00C04F79EFBC}") = "PhysicalProductModule.Core", "PhysicalProductModule\src\PhysicalProductModule.Core\PhysicalProductModule.Core.csproj", "{AEA92B55-CBEE-4912-86BA-D9A9923DC011}"
EndProject
Project("{FAE04EC0-301F-11D3-BF4B-00C04F79EFBC}") = "PhysicalProductModule.Data", "PhysicalProductModule\src\PhysicalProductModule.Data\PhysicalProductModule.Data.csproj", "{AF2B647F-2A51-4709-A9A3-CD464A6674F1}"
EndProject
Project("{FAE04EC0-301F-11D3-BF4B-00C04F79EFBC}") = "PhysicalProductModule.Web", "PhysicalProductModule\src\PhysicalProductModule.Web\PhysicalProductModule.Web.csproj", "{A104ED98-4355-4A58-A028-EDD2EB4050EB}"
EndProject
Project("{FAE04EC0-301F-11D3-BF4B-00C04F79EFBC}") = "PhysicalProductModule.Tests", "PhysicalProductModule\tests\PhysicalProductModule.Tests\PhysicalProductModule.Tests.csproj", "{38ACC778-8DF5-44DF-AED5-FCA236B19629}"
EndProject
Project("{FAE04EC0-301F-11D3-BF4B-00C04F79EFBC}") = "ServiceProductModule.Core", "ServiceProductModule\src\ServiceProductModule.Core\ServiceProductModule.Core.csproj", "{B07A8867-29A0-4A3A-BC8E-1CF5465F3AFD}"
EndProject
Project("{FAE04EC0-301F-11D3-BF4B-00C04F79EFBC}") = "ServiceProductModule.Data", "ServiceProductModule\src\ServiceProductModule.Data\ServiceProductModule.Data.csproj", "{EEEA483C-0F01-4246-AB6B-F6AFFFEF688F}"
EndProject
Project("{FAE04EC0-301F-11D3-BF4B-00C04F79EFBC}") = "ServiceProductModule.Web", "ServiceProductModule\src\ServiceProductModule.Web\ServiceProductModule.Web.csproj", "{0D0AD38A-176C-447C-81BF-9D25FA6F0CA2}"
EndProject
Project("{FAE04EC0-301F-11D3-BF4B-00C04F79EFBC}") = "ServiceProductModule.Tests", "ServicceProductModule\tests\ServiceProductModule.Tests\ServiceProductModule.Tests.csproj", "{88981784-32B2-4550-9839-A2320760E384}"
EndProject
Project("{FAE04EC0-301F-11D3-BF4B-00C04F79EFBC}") = "BaseProductModule.Web", "BaseProductModule\src\BaseProductModule.Web\BaseProductModule.Web.csproj", "{0338A6E6-3E06-460A-BCF9-46ABC477EED4}"
EndProject
Project("{FAE04EC0-301F-11D3-BF4B-00C04F79EFBC}") = "BaseProductModule.Tests", "BaseProductModule\tests\BaseProductModule.Tests\BaseProductModule.Tests.csproj", "{164F0E7A-BF96-4F7F-873F-22557E50CDE2}"
EndProject
Global
	GlobalSection(SolutionConfigurationPlatforms) = preSolution
		Debug|Any CPU = Debug|Any CPU
		Release|Any CPU = Release|Any CPU
	EndGlobalSection
	GlobalSection(ProjectConfigurationPlatforms) = postSolution
		{327EAB25-4804-443B-9E0F-EDB89D26244A}.Debug|Any CPU.ActiveCfg = Debug|Any CPU
		{327EAB25-4804-443B-9E0F-EDB89D26244A}.Debug|Any CPU.Build.0 = Debug|Any CPU
		{327EAB25-4804-443B-9E0F-EDB89D26244A}.Release|Any CPU.ActiveCfg = Release|Any CPU
		{327EAB25-4804-443B-9E0F-EDB89D26244A}.Release|Any CPU.Build.0 = Release|Any CPU
		{5E0FE1B6-20EA-49E6-88F0-AA2178AC497E}.Debug|Any CPU.ActiveCfg = Debug|Any CPU
		{5E0FE1B6-20EA-49E6-88F0-AA2178AC497E}.Debug|Any CPU.Build.0 = Debug|Any CPU
		{5E0FE1B6-20EA-49E6-88F0-AA2178AC497E}.Release|Any CPU.ActiveCfg = Release|Any CPU
		{5E0FE1B6-20EA-49E6-88F0-AA2178AC497E}.Release|Any CPU.Build.0 = Release|Any CPU
		{AEA92B55-CBEE-4912-86BA-D9A9923DC011}.Debug|Any CPU.ActiveCfg = Debug|Any CPU
		{AEA92B55-CBEE-4912-86BA-D9A9923DC011}.Debug|Any CPU.Build.0 = Debug|Any CPU
		{AEA92B55-CBEE-4912-86BA-D9A9923DC011}.Release|Any CPU.ActiveCfg = Release|Any CPU
		{AEA92B55-CBEE-4912-86BA-D9A9923DC011}.Release|Any CPU.Build.0 = Release|Any CPU
		{AF2B647F-2A51-4709-A9A3-CD464A6674F1}.Debug|Any CPU.ActiveCfg = Debug|Any CPU
		{AF2B647F-2A51-4709-A9A3-CD464A6674F1}.Debug|Any CPU.Build.0 = Debug|Any CPU
		{AF2B647F-2A51-4709-A9A3-CD464A6674F1}.Release|Any CPU.ActiveCfg = Release|Any CPU
		{AF2B647F-2A51-4709-A9A3-CD464A6674F1}.Release|Any CPU.Build.0 = Release|Any CPU
		{A104ED98-4355-4A58-A028-EDD2EB4050EB}.Debug|Any CPU.ActiveCfg = Debug|Any CPU
		{A104ED98-4355-4A58-A028-EDD2EB4050EB}.Debug|Any CPU.Build.0 = Debug|Any CPU
		{A104ED98-4355-4A58-A028-EDD2EB4050EB}.Release|Any CPU.ActiveCfg = Release|Any CPU
		{A104ED98-4355-4A58-A028-EDD2EB4050EB}.Release|Any CPU.Build.0 = Release|Any CPU
		{38ACC778-8DF5-44DF-AED5-FCA236B19629}.Debug|Any CPU.ActiveCfg = Debug|Any CPU
		{38ACC778-8DF5-44DF-AED5-FCA236B19629}.Debug|Any CPU.Build.0 = Debug|Any CPU
		{38ACC778-8DF5-44DF-AED5-FCA236B19629}.Release|Any CPU.ActiveCfg = Release|Any CPU
		{38ACC778-8DF5-44DF-AED5-FCA236B19629}.Release|Any CPU.Build.0 = Release|Any CPU
		{B07A8867-29A0-4A3A-BC8E-1CF5465F3AFD}.Debug|Any CPU.ActiveCfg = Debug|Any CPU
		{B07A8867-29A0-4A3A-BC8E-1CF5465F3AFD}.Debug|Any CPU.Build.0 = Debug|Any CPU
		{B07A8867-29A0-4A3A-BC8E-1CF5465F3AFD}.Release|Any CPU.ActiveCfg = Release|Any CPU
		{B07A8867-29A0-4A3A-BC8E-1CF5465F3AFD}.Release|Any CPU.Build.0 = Release|Any CPU
		{EEEA483C-0F01-4246-AB6B-F6AFFFEF688F}.Debug|Any CPU.ActiveCfg = Debug|Any CPU
		{EEEA483C-0F01-4246-AB6B-F6AFFFEF688F}.Debug|Any CPU.Build.0 = Debug|Any CPU
		{EEEA483C-0F01-4246-AB6B-F6AFFFEF688F}.Release|Any CPU.ActiveCfg = Release|Any CPU
		{EEEA483C-0F01-4246-AB6B-F6AFFFEF688F}.Release|Any CPU.Build.0 = Release|Any CPU
		{0D0AD38A-176C-447C-81BF-9D25FA6F0CA2}.Debug|Any CPU.ActiveCfg = Debug|Any CPU
		{0D0AD38A-176C-447C-81BF-9D25FA6F0CA2}.Debug|Any CPU.Build.0 = Debug|Any CPU
		{0D0AD38A-176C-447C-81BF-9D25FA6F0CA2}.Release|Any CPU.ActiveCfg = Release|Any CPU
		{0D0AD38A-176C-447C-81BF-9D25FA6F0CA2}.Release|Any CPU.Build.0 = Release|Any CPU
		{88981784-32B2-4550-9839-A2320760E384}.Debug|Any CPU.ActiveCfg = Debug|Any CPU
		{88981784-32B2-4550-9839-A2320760E384}.Debug|Any CPU.Build.0 = Debug|Any CPU
		{88981784-32B2-4550-9839-A2320760E384}.Release|Any CPU.ActiveCfg = Release|Any CPU
		{88981784-32B2-4550-9839-A2320760E384}.Release|Any CPU.Build.0 = Release|Any CPU
		{0338A6E6-3E06-460A-BCF9-46ABC477EED4}.Debug|Any CPU.ActiveCfg = Debug|Any CPU
		{0338A6E6-3E06-460A-BCF9-46ABC477EED4}.Debug|Any CPU.Build.0 = Debug|Any CPU
		{0338A6E6-3E06-460A-BCF9-46ABC477EED4}.Release|Any CPU.ActiveCfg = Release|Any CPU
		{0338A6E6-3E06-460A-BCF9-46ABC477EED4}.Release|Any CPU.Build.0 = Release|Any CPU
		{164F0E7A-BF96-4F7F-873F-22557E50CDE2}.Debug|Any CPU.ActiveCfg = Debug|Any CPU
		{164F0E7A-BF96-4F7F-873F-22557E50CDE2}.Debug|Any CPU.Build.0 = Debug|Any CPU
		{164F0E7A-BF96-4F7F-873F-22557E50CDE2}.Release|Any CPU.ActiveCfg = Release|Any CPU
		{164F0E7A-BF96-4F7F-873F-22557E50CDE2}.Release|Any CPU.Build.0 = Release|Any CPU
	EndGlobalSection
	GlobalSection(SolutionProperties) = preSolution
		HideSolutionNode = FALSE
	EndGlobalSection
	GlobalSection(NestedProjects) = preSolution
		{24C82B73-116B-4215-A6BC-1982E2658422} = {0E83E858-44AA-4964-B6A1-5B89DAAFA3E5}
		{5686EB53-6BE1-4A23-ADD9-9B4D2EE5BD97} = {0E83E858-44AA-4964-B6A1-5B89DAAFA3E5}
		{B885B8B8-CBF7-425A-BFFE-6567753C81F6} = {A0FF2D3F-AF08-4C19-92EE-116493EE5082}
		{D3C2495B-95ED-4581-8FFA-A783F43DCF82} = {A0FF2D3F-AF08-4C19-92EE-116493EE5082}
		{BA0FD039-8A48-4ED1-8C96-FFD531A24F4F} = {D145687C-BD4B-4056-974F-3DE16F4087D6}
		{58961006-6FFC-4AE4-9606-2105AAA4367F} = {D145687C-BD4B-4056-974F-3DE16F4087D6}
		{327EAB25-4804-443B-9E0F-EDB89D26244A} = {24C82B73-116B-4215-A6BC-1982E2658422}
		{5E0FE1B6-20EA-49E6-88F0-AA2178AC497E} = {24C82B73-116B-4215-A6BC-1982E2658422}
		{AEA92B55-CBEE-4912-86BA-D9A9923DC011} = {D3C2495B-95ED-4581-8FFA-A783F43DCF82}
		{AF2B647F-2A51-4709-A9A3-CD464A6674F1} = {D3C2495B-95ED-4581-8FFA-A783F43DCF82}
		{A104ED98-4355-4A58-A028-EDD2EB4050EB} = {D3C2495B-95ED-4581-8FFA-A783F43DCF82}
		{38ACC778-8DF5-44DF-AED5-FCA236B19629} = {B885B8B8-CBF7-425A-BFFE-6567753C81F6}
		{B07A8867-29A0-4A3A-BC8E-1CF5465F3AFD} = {BA0FD039-8A48-4ED1-8C96-FFD531A24F4F}
		{EEEA483C-0F01-4246-AB6B-F6AFFFEF688F} = {BA0FD039-8A48-4ED1-8C96-FFD531A24F4F}
		{0D0AD38A-176C-447C-81BF-9D25FA6F0CA2} = {BA0FD039-8A48-4ED1-8C96-FFD531A24F4F}
		{88981784-32B2-4550-9839-A2320760E384} = {58961006-6FFC-4AE4-9606-2105AAA4367F}
	EndGlobalSection
	GlobalSection(ExtensibilityGlobals) = postSolution
		SolutionGuid = {27371802-3B5C-4B36-BB24-0C15DF185242}
		{0338A6E6-3E06-460A-BCF9-46ABC477EED4} = {24C82B73-116B-4215-A6BC-1982E2658422}
		{164F0E7A-BF96-4F7F-873F-22557E50CDE2} = {5686EB53-6BE1-4A23-ADD9-9B4D2EE5BD97}
	EndGlobalSection
EndGlobal
